
Microsoft Visual Studio Solution File, Format Version 12.00
# Visual Studio Version 17
VisualStudioVersion = 17.14.36414.22 d17.14
MinimumVisualStudioVersion = 10.0.40219.1
Project("{FAE04EC0-301F-11D3-BF4B-00C04F79EFBC}") = "GymManagementPL", "GymManagementPL\GymManagementPL.csproj", "{1E6DE6FB-20C5-4B10-96BE-43D4B1AF2C09}"
EndProject
Project("{FAE04EC0-301F-11D3-BF4B-00C04F79EFBC}") = "GymManagementDAL", "GymManagementDAL\GymManagementDAL.csproj", "{F2E03486-F3A3-4532-9429-D65FE8C13357}"
EndProject
Project("{FAE04EC0-301F-11D3-BF4B-00C04F79EFBC}") = "GymManagementBLL", "GymManagementBLL\GymManagementBLL.csproj", "{DDCF28CB-972E-418E-AAD6-832A43FF4676}"
EndProject
Global
	GlobalSection(SolutionConfigurationPlatforms) = preSolution
		Debug|Any CPU = Debug|Any CPU
		Release|Any CPU = Release|Any CPU
	EndGlobalSection
	GlobalSection(ProjectConfigurationPlatforms) = postSolution
		{1E6DE6FB-20C5-4B10-96BE-43D4B1AF2C09}.Debug|Any CPU.ActiveCfg = Debug|Any CPU
		{1E6DE6FB-20C5-4B10-96BE-43D4B1AF2C09}.Debug|Any CPU.Build.0 = Debug|Any CPU
		{1E6DE6FB-20C5-4B10-96BE-43D4B1AF2C09}.Release|Any CPU.ActiveCfg = Release|Any CPU
		{1E6DE6FB-20C5-4B10-96BE-43D4B1AF2C09}.Release|Any CPU.Build.0 = Release|Any CPU
		{F2E03486-F3A3-4532-9429-D65FE8C13357}.Debug|Any CPU.ActiveCfg = Debug|Any CPU
		{F2E03486-F3A3-4532-9429-D65FE8C13357}.Debug|Any CPU.Build.0 = Debug|Any CPU
		{F2E03486-F3A3-4532-9429-D65FE8C13357}.Release|Any CPU.ActiveCfg = Release|Any CPU
		{F2E03486-F3A3-4532-9429-D65FE8C13357}.Release|Any CPU.Build.0 = Release|Any CPU
		{DDCF28CB-972E-418E-AAD6-832A43FF4676}.Debug|Any CPU.ActiveCfg = Debug|Any CPU
		{DDCF28CB-972E-418E-AAD6-832A43FF4676}.Debug|Any CPU.Build.0 = Debug|Any CPU
		{DDCF28CB-972E-418E-AAD6-832A43FF4676}.Release|Any CPU.ActiveCfg = Release|Any CPU
		{DDCF28CB-972E-418E-AAD6-832A43FF4676}.Release|Any CPU.Build.0 = Release|Any CPU
	EndGlobalSection
	GlobalSection(SolutionProperties) = preSolution
		HideSolutionNode = FALSE
	EndGlobalSection
	GlobalSection(ExtensibilityGlobals) = postSolution
		SolutionGuid = {723160BF-C826-4F08-A943-B2FB949A1BA9}
	EndGlobalSection
EndGlobal
